
Microsoft Visual Studio Solution File, Format Version 12.00
# Visual Studio Version 16
VisualStudioVersion = 16.0.32126.315
MinimumVisualStudioVersion = 10.0.40219.1
Project("{888888A0-9F3D-457C-B088-3A5042F75D52}") = "BuseCesmeci.PythonSelenium", "BuseCesmeci.PythonSelenium\BuseCesmeci.PythonSelenium.pyproj", "{4D56CDB3-562F-4092-9D7E-5A482B7B1AFF}"
EndProject
Project("{FAE04EC0-301F-11D3-BF4B-00C04F79EFBC}") = "BuseCesmeci.PythonSelenium.UI", "BuseCesmeci.PythonSelenium.UI\BuseCesmeci.PythonSelenium.UI.csproj", "{8BB0B224-F66E-46A7-8E99-1F80B2222BDD}"
EndProject
Global
	GlobalSection(SolutionConfigurationPlatforms) = preSolution
		Debug|Any CPU = Debug|Any CPU
		Release|Any CPU = Release|Any CPU
	EndGlobalSection
	GlobalSection(ProjectConfigurationPlatforms) = postSolution
		{4D56CDB3-562F-4092-9D7E-5A482B7B1AFF}.Debug|Any CPU.ActiveCfg = Debug|Any CPU
		{4D56CDB3-562F-4092-9D7E-5A482B7B1AFF}.Debug|Any CPU.Build.0 = Debug|Any CPU
		{4D56CDB3-562F-4092-9D7E-5A482B7B1AFF}.Release|Any CPU.ActiveCfg = Release|Any CPU
		{4D56CDB3-562F-4092-9D7E-5A482B7B1AFF}.Release|Any CPU.Build.0 = Release|Any CPU
		{8BB0B224-F66E-46A7-8E99-1F80B2222BDD}.Debug|Any CPU.ActiveCfg = Debug|Any CPU
		{8BB0B224-F66E-46A7-8E99-1F80B2222BDD}.Debug|Any CPU.Build.0 = Debug|Any CPU
		{8BB0B224-F66E-46A7-8E99-1F80B2222BDD}.Release|Any CPU.ActiveCfg = Release|Any CPU
		{8BB0B224-F66E-46A7-8E99-1F80B2222BDD}.Release|Any CPU.Build.0 = Release|Any CPU
	EndGlobalSection
	GlobalSection(SolutionProperties) = preSolution
		HideSolutionNode = FALSE
	EndGlobalSection
	GlobalSection(ExtensibilityGlobals) = postSolution
		SolutionGuid = {818E6C23-B104-4B8C-AC9D-C7ED6FDEFED6}
	EndGlobalSection
EndGlobal
